{
  "name": "uphillsnowball",
  "version": "11.0.0",
  "lockfileVersion": 3,
  "requires": true,
  "packages": {
    "": {
      "name": "uphillsnowball",
      "version": "11.0.0",
      "devDependencies": {
        "@ast-grep/cli": "^0.42.1",
        "@biomejs/biome": "^2.4.13"
      }
    },
    "eslint-plugin-cor-rules": {
      "version": "0.1.0",
      "extraneous": true
    },
    "eslint-plugin-gpt5rules": {
      "version": "0.1.0",
      "extraneous": true
    },
    "node_modules/@ast-grep/cli": {
      "version": "0.42.1",
      "resolved": "https://registry.npmjs.org/@ast-grep/cli/-/cli-0.42.1.tgz",
      "integrity": "sha512-L1D7JX7p/RohtvE4IViKelWCtEYjQDvmlZ85aP4LmJVoQth/iC/+z/fCXmg6qSK8zr9IjC9okpxDZX7x1arKbQ==",
      "dev": true,
      "hasInstallScript": true,
      "license": "MIT",
      "dependencies": {
        "detect-libc": "2.1.2"
      },
      "bin": {
        "ast-grep": "ast-grep",
        "sg": "sg"
      },
      "engines": {
        "node": ">= 12.0.0"
      },
      "optionalDependencies": {
        "@ast-grep/cli-darwin-arm64": "0.42.1",
        "@ast-grep/cli-darwin-x64": "0.42.1",
        "@ast-grep/cli-linux-arm64-gnu": "0.42.1",
        "@ast-grep/cli-linux-x64-gnu": "0.42.1",
        "@ast-grep/cli-win32-arm64-msvc": "0.42.1",
        "@ast-grep/cli-win32-ia32-msvc": "0.42.1",
        "@ast-grep/cli-win32-x64-msvc": "0.42.1"
      }
    },
    "node_modules/@ast-grep/cli-darwin-arm64": {
      "version": "0.42.1",
      "resolved": "https://registry.npmjs.org/@ast-grep/cli-darwin-arm64/-/cli-darwin-arm64-0.42.1.tgz",
      "integrity": "sha512-G9rk0NAN10mybxi611CVNqwPtPO+yF0rFqPzpdgHBa4roeCq5FYsg2q/WqxM95st3jilNS9UIfZFD0i3BDfKEw==",
      "cpu": [
        "arm64"
      ],
      "dev": true,
      "license": "MIT",
      "optional": true,
      "os": [
        "darwin"
      ],
      "engines": {
        "node": ">= 10"
      }
    },
    "node_modules/@ast-grep/cli-darwin-x64": {
      "version": "0.42.1",
      "resolved": "https://registry.npmjs.org/@ast-grep/cli-darwin-x64/-/cli-darwin-x64-0.42.1.tgz",
      "integrity": "sha512-IZ1HY69zj6sj4QnHKPR71FjtuCDImhLW5v5QhTGq6Fl0T9fjhQP/g9aEk7PrJB1puOk4HhTw/J/u0wZOPmp4bA==",
      "cpu": [
        "x64"
      ],
      "dev": true,
      "license": "MIT",
      "optional": true,
      "os": [
        "darwin"
      ],
      "engines": {
        "node": ">= 10"
      }
    },
    "node_modules/@ast-grep/cli-linux-arm64-gnu": {
      "version": "0.42.1",
      "resolved": "https://registry.npmjs.org/@ast-grep/cli-linux-arm64-gnu/-/cli-linux-arm64-gnu-0.42.1.tgz",
      "integrity": "sha512-eirVmtAciL1cXwvODYkqKEFtWgxxYyhNLTTNchdKynktFixuAmAvn0OUX0bcQnhXH5DgsdT4+1+CtvjuPc5uGQ==",
      "cpu": [
        "arm64"
      ],
      "dev": true,
      "libc": [
        "glibc"
      ],
      "license": "MIT",
      "optional": true,
      "os": [
        "linux"
      ],
      "engines": {
        "node": ">= 10"
      }
    },
    "node_modules/@ast-grep/cli-linux-x64-gnu": {
      "version": "0.42.1",
      "resolved": "https://registry.npmjs.org/@ast-grep/cli-linux-x64-gnu/-/cli-linux-x64-gnu-0.42.1.tgz",
      "integrity": "sha512-DrsV3+LkzwcaCw2AkLqM5o9ISaS4ZfJIL96RIdFRD+ydp5Mirsdw3aZdDmBqpa6nxt2NjMsFWgOivvzPiKzGAw==",
      "cpu": [
        "x64"
      ],
      "dev": true,
      "libc": [
        "glibc"
      ],
      "license": "MIT",
      "optional": true,
      "os": [
        "linux"
      ],
      "engines": {
        "node": ">= 10"
      }
    },
    "node_modules/@ast-grep/cli-win32-arm64-msvc": {
      "version": "0.42.1",
      "resolved": "https://registry.npmjs.org/@ast-grep/cli-win32-arm64-msvc/-/cli-win32-arm64-msvc-0.42.1.tgz",
      "integrity": "sha512-9DabeCAtOQEUTiCVB6fpoJ0mI21brEAa5oY2jjOzaz1SBwYuh9TPLnKBn8F+PYbUU/4Umyy26YwVg+xw4+J/Ug==",
      "cpu": [
        "arm64"
      ],
      "dev": true,
      "license": "MIT",
      "optional": true,
      "os": [
        "win32"
      ],
      "engines": {
        "node": ">= 10"
      }
    },
    "node_modules/@ast-grep/cli-win32-ia32-msvc": {
      "version": "0.42.1",
      "resolved": "https://registry.npmjs.org/@ast-grep/cli-win32-ia32-msvc/-/cli-win32-ia32-msvc-0.42.1.tgz",
      "integrity": "sha512-xQlxTwaqiCzOUZc5lB6rp/glS0DmQd67ID6MliRZ3TH1PvX+a3oiP+QEdSgcvfcArObuKxtRGNKlOfgwMe+J8Q==",
      "cpu": [
        "ia32"
      ],
      "dev": true,
      "license": "MIT",
      "optional": true,
      "os": [
        "win32"
      ],
      "engines": {
        "node": ">= 10"
      }
    },
    "node_modules/@ast-grep/cli-win32-x64-msvc": {
      "version": "0.42.1",
      "resolved": "https://registry.npmjs.org/@ast-grep/cli-win32-x64-msvc/-/cli-win32-x64-msvc-0.42.1.tgz",
      "integrity": "sha512-bOMSGeTKGfYBB1m+S0WLiA2GUkNVBaHOy+mKw27mf/kd6W2KNG3DJwAWry35qargLL0WP9PBcCaOkdnzeNyZ3A==",
      "cpu": [
        "x64"
      ],
      "dev": true,
      "license": "MIT",
      "optional": true,
      "os": [
        "win32"
      ],
      "engines": {
        "node": ">= 10"
      }
    },
    "node_modules/@biomejs/biome": {
      "version": "2.4.13",
      "resolved": "https://registry.npmjs.org/@biomejs/biome/-/biome-2.4.13.tgz",
      "integrity": "sha512-gLXOwkOBBg0tr7bDsqlkIh4uFeKuMjxvqsrb1Tukww1iDmHcfr4Uu8MoQxp0Rcte+69+osRNWXwHsu/zxT6XqA==",
      "dev": true,
      "license": "MIT OR Apache-2.0",
      "bin": {
        "biome": "bin/biome"
      },
      "engines": {
        "node": ">=14.21.3"
      },
      "funding": {
        "type": "opencollective",
        "url": "https://opencollective.com/biome"
      },
      "optionalDependencies": {
        "@biomejs/cli-darwin-arm64": "2.4.13",
        "@biomejs/cli-darwin-x64": "2.4.13",
        "@biomejs/cli-linux-arm64": "2.4.13",
        "@biomejs/cli-linux-arm64-musl": "2.4.13",
        "@biomejs/cli-linux-x64": "2.4.13",
        "@biomejs/cli-linux-x64-musl": "2.4.13",
        "@biomejs/cli-win32-arm64": "2.4.13",
        "@biomejs/cli-win32-x64": "2.4.13"
      }
    },
    "node_modules/@biomejs/cli-darwin-arm64": {
      "version": "2.4.13",
      "resolved": "https://registry.npmjs.org/@biomejs/cli-darwin-arm64/-/cli-darwin-arm64-2.4.13.tgz",
      "integrity": "sha512-2KImO1jhNFBa2oWConyr0x6flxbQpGKv6902uGXpYM62Xyem8U80j441SyUJ8KyngsmKbQjeIv1q2CQfDkNnYg==",
      "cpu": [
        "arm64"
      ],
      "dev": true,
      "license": "MIT OR Apache-2.0",
      "optional": true,
      "os": [
        "darwin"
      ],
      "engines": {
        "node": ">=14.21.3"
      }
    },
    "node_modules/@biomejs/cli-darwin-x64": {
      "version": "2.4.13",
      "resolved": "https://registry.npmjs.org/@biomejs/cli-darwin-x64/-/cli-darwin-x64-2.4.13.tgz",
      "integrity": "sha512-BKrJklbaFN4p1Ts4kPBczo+PkbsHQg57kmJ+vON9u2t6uN5okYHaSr7h/MutPCWQgg2lglaWoSmm+zhYW+oOkg==",
      "cpu": [
        "x64"
      ],
      "dev": true,
      "license": "MIT OR Apache-2.0",
      "optional": true,
      "os": [
        "darwin"
      ],
      "engines": {
        "node": ">=14.21.3"
      }
    },
    "node_modules/@biomejs/cli-linux-arm64": {
      "version": "2.4.13",
      "resolved": "https://registry.npmjs.org/@biomejs/cli-linux-arm64/-/cli-linux-arm64-2.4.13.tgz",
      "integrity": "sha512-NzkUDSqfvMBrPplKgVr3aXLHZ2NEELvvF4vZxXulEylKWIGqlvNEcwUcj9OLrn75TD3lJ/GIqCVlBwd1MZCuYQ==",
      "cpu": [
        "arm64"
      ],
      "dev": true,
      "libc": [
        "glibc"
      ],
      "license": "MIT OR Apache-2.0",
      "optional": true,
      "os": [
        "linux"
      ],
      "engines": {
        "node": ">=14.21.3"
      }
    },
    "node_modules/@biomejs/cli-linux-arm64-musl": {
      "version": "2.4.13",
      "resolved": "https://registry.npmjs.org/@biomejs/cli-linux-arm64-musl/-/cli-linux-arm64-musl-2.4.13.tgz",
      "integrity": "sha512-U5MsuBQW25dXaYtqWWSPM3P96H6Y+fHuja3TQpMNnylocHW0tEbtFTDlUj6oM+YJLntvEkQy4grBvQNUD4+RCg==",
      "cpu": [
        "arm64"
      ],
      "dev": true,
      "libc": [
        "musl"
      ],
      "license": "MIT OR Apache-2.0",
      "optional": true,
      "os": [
        "linux"
      ],
      "engines": {
        "node": ">=14.21.3"
      }
    },
    "node_modules/@biomejs/cli-linux-x64": {
      "version": "2.4.13",
      "resolved": "https://registry.npmjs.org/@biomejs/cli-linux-x64/-/cli-linux-x64-2.4.13.tgz",
      "integrity": "sha512-Az3ZZedYRBo9EQzNnD9SxFcR1G5QsGo6VEc2hIyVPZ1rdKwee/7E9oeBBZFpE8Z44ekxsDQBqbiWGW5ShOhUSQ==",
      "cpu": [
        "x64"
      ],
      "dev": true,
      "libc": [
        "glibc"
      ],
      "license": "MIT OR Apache-2.0",
      "optional": true,
      "os": [
        "linux"
      ],
      "engines": {
        "node": ">=14.21.3"
      }
    },
    "node_modules/@biomejs/cli-linux-x64-musl": {
      "version": "2.4.13",
      "resolved": "https://registry.npmjs.org/@biomejs/cli-linux-x64-musl/-/cli-linux-x64-musl-2.4.13.tgz",
      "integrity": "sha512-Z601MienRgTBDza/+u2CH3RSrWoXo9rtr8NK6A4KJzqGgfxx+H3VlyLgTJ4sRo40T3pIsqpTmiOQEvYzQvBRvQ==",
      "cpu": [
        "x64"
      ],
      "dev": true,
      "libc": [
        "musl"
      ],
      "license": "MIT OR Apache-2.0",
      "optional": true,
      "os": [
        "linux"
      ],
      "engines": {
        "node": ">=14.21.3"
      }
    },
    "node_modules/@biomejs/cli-win32-arm64": {
      "version": "2.4.13",
      "resolved": "https://registry.npmjs.org/@biomejs/cli-win32-arm64/-/cli-win32-arm64-2.4.13.tgz",
      "integrity": "sha512-Px9PS2B5/Q183bUwy/5VHqp3J2lzdOCeVGzMpphYfl8oSa7VDCqenBdqWpy6DCy/en4Rbf/Y1RieZF6dJPcc9A==",
      "cpu": [
        "arm64"
      ],
      "dev": true,
      "license": "MIT OR Apache-2.0",
      "optional": true,
      "os": [
        "win32"
      ],
      "engines": {
        "node": ">=14.21.3"
      }
    },
    "node_modules/@biomejs/cli-win32-x64": {
      "version": "2.4.13",
      "resolved": "https://registry.npmjs.org/@biomejs/cli-win32-x64/-/cli-win32-x64-2.4.13.tgz",
      "integrity": "sha512-tTcMkXyBrmHi9BfrD2VNHs/5rYIUKETqsBlYOvSAABwBkJhSDVb5e7wPukftsQbO3WzQkXe6kaztC6WtUOXSoQ==",
      "cpu": [
        "x64"
      ],
      "dev": true,
      "license": "MIT OR Apache-2.0",
      "optional": true,
      "os": [
        "win32"
      ],
      "engines": {
        "node": ">=14.21.3"
      }
    },
    "node_modules/detect-libc": {
      "version": "2.1.2",
      "resolved": "https://registry.npmjs.org/detect-libc/-/detect-libc-2.1.2.tgz",
      "integrity": "sha512-Btj2BOOO83o3WyH59e8MgXsxEQVcarkUOpEYrubB0urwnN10yQ364rsiByU11nZlqWYZm05i/of7io4mzihBtQ==",
      "dev": true,
      "license": "Apache-2.0",
      "engines": {
        "node": ">=8"
      }
    }
  }
}
