{
  "version": 4,
  "terraform_version": "1.5.7",
  "serial": 15,
  "lineage": "b7569d75-1723-2709-5e75-b729d834441e",
  "outputs": {},
  "resources": [
    {
      "mode": "managed",
      "type": "google_compute_network",
      "name": "vpc",
      "provider": "provider[\"registry.terraform.io/hashicorp/google\"]",
      "instances": [
        {
          "schema_version": 0,
          "attributes": {
            "auto_create_subnetworks": false,
            "bgp_always_compare_med": false,
            "bgp_best_path_selection_mode": "LEGACY",
            "bgp_inter_region_cost": "",
            "delete_bgp_always_compare_med": false,
            "delete_default_routes_on_create": false,
            "description": "",
            "enable_ula_internal_ipv6": false,
            "gateway_ipv4": "",
            "id": "projects/shadowtag-omega-v2/global/networks/pnkln-vpc",
            "internal_ipv6_range": "",
            "mtu": 0,
            "name": "pnkln-vpc",
            "network_firewall_policy_enforcement_order": "AFTER_CLASSIC_FIREWALL",
            "network_id": "561059350556456005",
            "network_profile": "",
            "numeric_id": "561059350556456005",
            "params": [],
            "project": "shadowtag-omega-v2",
            "routing_mode": "REGIONAL",
            "self_link": "https://www.googleapis.com/compute/v1/projects/shadowtag-omega-v2/global/networks/pnkln-vpc",
            "timeouts": null
          },
          "sensitive_attributes": [],
          "private": "eyJlMmJmYjczMC1lY2FhLTExZTYtOGY4OC0zNDM2M2JjN2M0YzAiOnsiY3JlYXRlIjoxMjAwMDAwMDAwMDAwLCJkZWxldGUiOjEyMDAwMDAwMDAwMDAsInVwZGF0ZSI6MTIwMDAwMDAwMDAwMH19"
        }
      ]
    },
    {
      "mode": "managed",
      "type": "google_compute_subnetwork",
      "name": "subnet",
      "provider": "provider[\"registry.terraform.io/hashicorp/google\"]",
      "instances": [
        {
          "schema_version": 0,
          "attributes": {
            "creation_timestamp": "2026-01-27T20:04:05.770-08:00",
            "description": "",
            "external_ipv6_prefix": "",
            "fingerprint": null,
            "gateway_address": "10.0.0.1",
            "id": "projects/shadowtag-omega-v2/regions/us-central1/subnetworks/pnkln-subnet",
            "internal_ipv6_prefix": "",
            "ip_cidr_range": "10.0.0.0/16",
            "ip_collection": null,
            "ipv6_access_type": "",
            "ipv6_cidr_range": "",
            "ipv6_gce_endpoint": "",
            "log_config": [],
            "name": "pnkln-subnet",
            "network": "https://www.googleapis.com/compute/v1/projects/shadowtag-omega-v2/global/networks/pnkln-vpc",
            "params": [],
            "private_ip_google_access": true,
            "private_ipv6_google_access": "DISABLE_GOOGLE_ACCESS",
            "project": "shadowtag-omega-v2",
            "purpose": "PRIVATE",
            "region": "us-central1",
            "reserved_internal_range": "",
            "role": "",
            "secondary_ip_range": [
              {
                "ip_cidr_range": "10.76.0.0/14",
                "range_name": "gke-pnkln-cluster-pods-c93cf191",
                "reserved_internal_range": ""
              },
              {
                "ip_cidr_range": "10.176.0.0/14",
                "range_name": "gke-pnkln-foundation-pods-09f67b44",
                "reserved_internal_range": "https://networkconnectivity.googleapis.com/v1/projects/shadowtag-omega-v2/locations/global/internalRanges/gke-pnkln-foundation-pods-09f67b44"
              }
            ],
            "self_link": "https://www.googleapis.com/compute/v1/projects/shadowtag-omega-v2/regions/us-central1/subnetworks/pnkln-subnet",
            "send_secondary_ip_range_if_empty": null,
            "stack_type": "IPV4_ONLY",
            "state": "",
            "subnetwork_id": 5681998533169001562,
            "timeouts": null
          },
          "sensitive_attributes": [],
          "private": "eyJlMmJmYjczMC1lY2FhLTExZTYtOGY4OC0zNDM2M2JjN2M0YzAiOnsiY3JlYXRlIjoxMjAwMDAwMDAwMDAwLCJkZWxldGUiOjEyMDAwMDAwMDAwMDAsInVwZGF0ZSI6MTIwMDAwMDAwMDAwMH19",
          "dependencies": [
            "google_compute_network.vpc"
          ]
        }
      ]
    },
    {
      "mode": "managed",
      "type": "google_container_cluster",
      "name": "primary",
      "provider": "provider[\"registry.terraform.io/hashicorp/google\"]",
      "instances": [
        {
          "schema_version": 2,
          "attributes": {
            "addons_config": [
              {
                "cloudrun_config": [],
                "config_connector_config": [],
                "dns_cache_config": [],
                "gce_persistent_disk_csi_driver_config": [
                  {
                    "enabled": true
                  }
                ],
                "gcp_filestore_csi_driver_config": [],
                "gcs_fuse_csi_driver_config": [],
                "gke_backup_agent_config": [],
                "horizontal_pod_autoscaling": [],
                "http_load_balancing": [],
                "lustre_csi_driver_config": [],
                "network_policy_config": [
                  {
                    "disabled": true
                  }
                ],
                "parallelstore_csi_driver_config": [],
                "ray_operator_config": [],
                "stateful_ha_config": []
              }
            ],
            "allow_net_admin": null,
            "anonymous_authentication_config": [
              {
                "mode": "ENABLED"
              }
            ],
            "authenticator_groups_config": [],
            "binary_authorization": [
              {
                "enabled": false,
                "evaluation_mode": ""
              }
            ],
            "cluster_autoscaling": [
              {
                "auto_provisioning_defaults": [],
                "auto_provisioning_locations": [],
                "autoscaling_profile": "BALANCED",
                "default_compute_class_enabled": false,
                "enabled": false,
                "resource_limits": []
              }
            ],
            "cluster_ipv4_cidr": "10.80.0.0/14",
            "confidential_nodes": [],
            "control_plane_endpoints_config": [
              {
                "dns_endpoint_config": [
                  {
                    "allow_external_traffic": false,
                    "enable_k8s_certs_via_dns": false,
                    "enable_k8s_tokens_via_dns": false,
                    "endpoint": "gke-759927f75f934e47800e72a3f648904b6f90-509993604693.us-central1.gke.goog"
                  }
                ],
                "ip_endpoints_config": [
                  {
                    "enabled": true
                  }
                ]
              }
            ],
            "cost_management_config": [],
            "database_encryption": [
              {
                "key_name": "",
                "state": "DECRYPTED"
              }
            ],
            "datapath_provider": "",
            "default_max_pods_per_node": 110,
            "default_snat_status": [
              {
                "disabled": false
              }
            ],
            "deletion_protection": false,
            "description": "",
            "disable_l4_lb_firewall_reconciliation": false,
            "dns_config": [],
            "effective_labels": {
              "goog-terraform-provisioned": "true"
            },
            "enable_autopilot": false,
            "enable_cilium_clusterwide_network_policy": false,
            "enable_fqdn_network_policy": false,
            "enable_intranode_visibility": false,
            "enable_k8s_beta_apis": [],
            "enable_kubernetes_alpha": false,
            "enable_l4_ilb_subsetting": false,
            "enable_legacy_abac": false,
            "enable_multi_networking": false,
            "enable_shielded_nodes": true,
            "enable_tpu": false,
            "endpoint": "104.198.220.249",
            "enterprise_config": [
              {
                "cluster_tier": "STANDARD",
                "desired_tier": ""
              }
            ],
            "fleet": [],
            "gateway_api_config": [],
            "gke_auto_upgrade_config": [],
            "id": "projects/shadowtag-omega-v2/locations/us-central1/clusters/pnkln-foundation",
            "identity_service_config": [],
            "in_transit_encryption_config": "",
            "initial_node_count": 1,
            "ip_allocation_policy": [
              {
                "additional_ip_ranges_config": [],
                "additional_pod_ranges_config": [],
                "auto_ipam_config": [],
                "cluster_ipv4_cidr_block": "10.80.0.0/14",
                "cluster_secondary_range_name": "gke-pnkln-foundation-pods-759927f7",
                "network_tier_config": [
                  {
                    "network_tier": "NETWORK_TIER_DEFAULT"
                  }
                ],
                "pod_cidr_overprovision_config": [
                  {
                    "disabled": false
                  }
                ],
                "services_ipv4_cidr_block": "34.118.224.0/20",
                "services_secondary_range_name": "",
                "stack_type": "IPV4"
              }
            ],
            "label_fingerprint": "78cdf2f6",
            "location": "us-central1",
            "logging_config": [
              {
                "enable_components": [
                  "SYSTEM_COMPONENTS",
                  "WORKLOADS"
                ]
              }
            ],
            "logging_service": "logging.googleapis.com/kubernetes",
            "maintenance_policy": [],
            "master_auth": [
              {
                "client_certificate": "",
                "client_certificate_config": [
                  {
                    "issue_client_certificate": false
                  }
                ],
                "client_key": "",
                "cluster_ca_certificate": "LS0tLS1CRUdJTiBDRVJUSUZJQ0FURS0tLS0tCk1JSUVMRENDQXBTZ0F3SUJBZ0lRUndzY0UwaHk4QjkzemxXWnNlMlZ0ekFOQmdrcWhraUc5dzBCQVFzRkFEQXYKTVMwd0t3WURWUVFERXlSaVltRXhNMlF3WVMwNU1UUTBMVFJqT0dFdFlUYzRNaTFqTlRSbE5XVm1OV1F3TW1VdwpJQmNOTWpZd01USTRNRFV3TkRNNFdoZ1BNakExTmpBeE1qRXdOakEwTXpoYU1DOHhMVEFyQmdOVkJBTVRKR0ppCllURXpaREJoTFRreE5EUXROR000WVMxaE56Z3lMV00xTkdVMVpXWTFaREF5WlRDQ0FhSXdEUVlKS29aSWh2Y04KQVFFQkJRQURnZ0dQQURDQ0FZb0NnZ0dCQUxwVTJBaytjcThRMjlINWU2OU9EZ2xnL2FVTjFTZkt5NkVraEc5WApwSjhQUFprSlRQN2RmNTBsaElJcVFOZ1JpWVRmMEVBY3lIclo0OW5LbzNOY0NhZXdjVjE1eW00U1hneGxNYSttCmhYMUVRZHNkNGxkckdwWVNPdmo3dDBCUDl3MFQxVGgxYWpodEY0Y2V3NXExQTgvRjkxcDlSWWxCaWxaTEpsZTkKQWt4M1VZamJ6aFJ3TU5zTjdodEczM0xxbFdnTjZzQnNmeHRMVS9pczViM21tZ3pLZ3V4WHJTd1h6R2Vhdm1ybwo2R0NHem5aWW9HV1JXczVWdmxXZFl3cDArS0FCQnpMUW9SR0tHUC9Cb0tRKzZweVdaaGZkR2czMEw1SlM5RTB2Ci8zWmYzOHJlUU0reFlCWllzOVBoeEh4Q2tQVGF1UFJsdDNJRzA4S3R4QUtGVEdhUy9vTjNEaHFPWVpxSXlaUVIKMmR4QkdnVGNSeTN1eGNBZmYzY0V4S3BGRTZ5Q3l6bXE5dEhzSE9pZGUyWGEzU3c1Q3ZXU3pOaytxZlRPSkg5cgp0azd6b0FZWWVkdExVMTNtam9UWWZFUkZNdVNJUDMyODRhQjcwTERyMkVvVXcxUVZlcyttNTNRWmtjQ3UwcmRaClh5alRLZWpUM1lmUm5wRE83TXkrZ1BuUmF3SURBUUFCbzBJd1FEQU9CZ05WSFE4QkFmOEVCQU1DQWdRd0R3WUQKVlIwVEFRSC9CQVV3QXdFQi96QWRCZ05WSFE0RUZnUVVtQ0cyanBScHBNWktZWnFkVk1iYW85aWFwTXN3RFFZSgpLb1pJaHZjTkFRRUxCUUFEZ2dHQkFGR0dWUWRibm9PVFArYmh6QzYrNmtVNWFYSEtSbzBrR3MwUHF2Tk5rZFgvClZCb1dHNUczZzdXaTBtSVMzUlltT2ZqcEJtOWpETC9qbkEwMHZnc2tFQU8yUFUvSDJRcExPVDZYTXJXNytVT04Kczg2SE9IT0x0Q3hrT2NaR0dFUWgvVHIrdWMzUmJ2bmxDdEppNWp4ME44VmV1S0wvRzZ5SFBnZDUxRzBieVo1NwpiTGNTNHZVVmpNQ2FCaVNqZUVkWU9WY0Uvamw0YUNoamJnak9QaEtZcUtJTlJaTGp0Ry9DTlFnTFBZTU9QYnhECjVHOWRLVmlLbjAzR2kxbFNxRXAwdlN4T0ZuZDlXT1JrOTdPN0dIWjNxSlRvNFpSRnVXSDRWK084QVJjVHlOd0QKbEcvNmgyZkxibk90VlhTalVPcHY1OTBQZDUvN2lvRlNHWjhUUkxIWWFUWGdLSWswY1VzcGVPK2J1N0MyTVRpdApJa21hbUpTNFdXNGtmbEM1MWt2YktMUEZBTEh6ZmRRbFRxYUtodzZWN201d092NmdOWUlPNjBYZzdlem5ySVBpCmJGWHJJTXljUDV4d3lSTXY5V0kzbFFpMlJrWHlROVpXWExUUmVQRnAxRm95eWYxWWdZTk1WMEp3OHI4QU9aVlkKMVFWY2RLR0xWVkFxdDA0T1hla0szZz09Ci0tLS0tRU5EIENFUlRJRklDQVRFLS0tLS0K"
              }
            ],
            "master_authorized_networks_config": [],
            "master_version": "1.33.5-gke.2100000",
            "mesh_certificates": [],
            "min_master_version": null,
            "monitoring_config": [
              {
                "advanced_datapath_observability_config": [
                  {
                    "enable_metrics": false,
                    "enable_relay": false
                  }
                ],
                "enable_components": [
                  "SYSTEM_COMPONENTS",
                  "STORAGE",
                  "HPA",
                  "POD",
                  "DAEMONSET",
                  "DEPLOYMENT",
                  "STATEFULSET",
                  "JOBSET",
                  "CADVISOR",
                  "KUBELET",
                  "DCGM"
                ],
                "managed_prometheus": [
                  {
                    "auto_monitoring_config": [],
                    "enabled": true
                  }
                ]
              }
            ],
            "monitoring_service": "monitoring.googleapis.com/kubernetes",
            "name": "pnkln-foundation",
            "network": "projects/shadowtag-omega-v2/global/networks/pnkln-vpc",
            "network_performance_config": [],
            "network_policy": [
              {
                "enabled": false,
                "provider": "PROVIDER_UNSPECIFIED"
              }
            ],
            "networking_mode": "VPC_NATIVE",
            "node_config": [],
            "node_locations": [
              "us-central1-a",
              "us-central1-b",
              "us-central1-f"
            ],
            "node_pool": [],
            "node_pool_auto_config": [
              {
                "linux_node_config": [],
                "network_tags": [],
                "node_kubelet_config": [
                  {
                    "insecure_kubelet_readonly_port_enabled": "FALSE"
                  }
                ],
                "resource_manager_tags": {}
              }
            ],
            "node_pool_defaults": [
              {
                "node_config_defaults": [
                  {
                    "containerd_config": [],
                    "gcfs_config": [],
                    "insecure_kubelet_readonly_port_enabled": "FALSE",
                    "logging_variant": "DEFAULT"
                  }
                ]
              }
            ],
            "node_version": "1.33.5-gke.2100000",
            "notification_config": [
              {
                "pubsub": [
                  {
                    "enabled": false,
                    "filter": [],
                    "topic": ""
                  }
                ]
              }
            ],
            "operation": null,
            "pod_autoscaling": [
              {
                "hpa_profile": "HPA_PROFILE_UNSPECIFIED"
              }
            ],
            "private_cluster_config": [
              {
                "enable_private_endpoint": false,
                "enable_private_nodes": true,
                "master_global_access_config": [
                  {
                    "enabled": false
                  }
                ],
                "master_ipv4_cidr_block": "172.16.0.0/28",
                "peering_name": "",
                "private_endpoint": "172.16.0.2",
                "private_endpoint_subnetwork": "projects/shadowtag-omega-v2/regions/us-central1/subnetworks/gke-pnkln-foundation-b015b21a-pe-subnet",
                "public_endpoint": "104.198.220.249"
              }
            ],
            "private_ipv6_google_access": "",
            "project": "shadowtag-omega-v2",
            "rbac_binding_config": [
              {
                "enable_insecure_binding_system_authenticated": true,
                "enable_insecure_binding_system_unauthenticated": true
              }
            ],
            "release_channel": [
              {
                "channel": "REGULAR"
              }
            ],
            "remove_default_node_pool": true,
            "resource_labels": null,
            "resource_usage_export_config": [],
            "secret_manager_config": [
              {
                "enabled": false,
                "rotation_config": []
              }
            ],
            "security_posture_config": [
              {
                "mode": "BASIC",
                "vulnerability_mode": "VULNERABILITY_MODE_UNSPECIFIED"
              }
            ],
            "self_link": "https://container.googleapis.com/v1/projects/shadowtag-omega-v2/locations/us-central1/clusters/pnkln-foundation",
            "service_external_ips_config": [
              {
                "enabled": false
              }
            ],
            "services_ipv4_cidr": "34.118.224.0/20",
            "subnetwork": "projects/shadowtag-omega-v2/regions/us-central1/subnetworks/pnkln-subnet",
            "terraform_labels": {
              "goog-terraform-provisioned": "true"
            },
            "timeouts": null,
            "tpu_ipv4_cidr_block": "",
            "user_managed_keys_config": [],
            "vertical_pod_autoscaling": [],
            "workload_identity_config": [
              {
                "workload_pool": "shadowtag-omega-v2.svc.id.goog"
              }
            ]
          },
          "sensitive_attributes": [],
          "private": "eyJlMmJmYjczMC1lY2FhLTExZTYtOGY4OC0zNDM2M2JjN2M0YzAiOnsiY3JlYXRlIjoyNDAwMDAwMDAwMDAwLCJkZWxldGUiOjI0MDAwMDAwMDAwMDAsInJlYWQiOjI0MDAwMDAwMDAwMDAsInVwZGF0ZSI6MzYwMDAwMDAwMDAwMH0sInNjaGVtYV92ZXJzaW9uIjoiMiJ9",
          "dependencies": [
            "google_compute_network.vpc",
            "google_compute_subnetwork.subnet"
          ]
        }
      ]
    }
  ],
  "check_results": null
}
