<Solution>
  <Folder Name="/apps/" />
  <Folder Name="/apps/dotnet/" />
  <Folder Name="/apps/dotnet/src/">
    <Project Path="apps/dotnet/src/AiYou.Kernel/AiYou.Kernel.csproj" />
  </Folder>
  <Folder Name="/apps/seatjudge-mcp/">
    <Project Path="apps/seatjudge-mcp/SeatJudge.Inventory.Mcp.csproj" />
  </Folder>
</Solution>
