{
  "version": 4,
  "terraform_version": "1.5.7",
  "serial": 14,
  "lineage": "7c6f917d-9f65-4e11-2426-89beeb124586",
  "outputs": {
    "bridge_url": {
      "value": "https://bridge-server-poaakxhkkq-uc.a.run.app",
      "type": "string"
    },
    "repo_url": {
      "value": "us-central1-docker.pkg.dev/shadowtagai-current-project/bridge-repo",
      "type": "string"
    },
    "workstation_cluster_host": {
      "value": "10.0.0.2",
      "type": "string"
    }
  },
  "resources": [
    {
      "mode": "managed",
      "type": "google_artifact_registry_repository",
      "name": "bridge_repo",
      "provider": "provider[\"registry.terraform.io/hashicorp/google\"]",
      "instances": [
        {
          "schema_version": 0,
          "attributes": {
            "cleanup_policies": [],
            "cleanup_policy_dry_run": false,
            "create_time": "2026-01-16T21:31:04.042723Z",
            "description": "Docker repository for Bridge Server",
            "docker_config": [],
            "effective_labels": {
              "goog-terraform-provisioned": "true"
            },
            "format": "DOCKER",
            "id": "projects/shadowtagai-current-project/locations/us-central1/repositories/bridge-repo",
            "kms_key_name": "",
            "labels": null,
            "location": "us-central1",
            "maven_config": [],
            "mode": "STANDARD_REPOSITORY",
            "name": "bridge-repo",
            "project": "shadowtagai-current-project",
            "registry_uri": "us-central1-docker.pkg.dev/shadowtagai-current-project/bridge-repo",
            "remote_repository_config": [],
            "repository_id": "bridge-repo",
            "terraform_labels": {
              "goog-terraform-provisioned": "true"
            },
            "timeouts": null,
            "update_time": "2026-01-16T21:31:04.042723Z",
            "virtual_repository_config": [],
            "vulnerability_scanning_config": [
              {
                "enablement_config": "",
                "enablement_state": "SCANNING_DISABLED",
                "enablement_state_reason": "API containerscanning.googleapis.com is not enabled."
              }
            ]
          },
          "sensitive_attributes": [],
          "private": "eyJlMmJmYjczMC1lY2FhLTExZTYtOGY4OC0zNDM2M2JjN2M0YzAiOnsiY3JlYXRlIjoxMjAwMDAwMDAwMDAwLCJkZWxldGUiOjEyMDAwMDAwMDAwMDAsInVwZGF0ZSI6MTIwMDAwMDAwMDAwMH19",
          "dependencies": [
            "google_project_service.apis"
          ]
        }
      ]
    },
    {
      "mode": "managed",
      "type": "google_cloud_run_v2_service",
      "name": "bridge_server",
      "provider": "provider[\"registry.terraform.io/hashicorp/google\"]",
      "instances": [
        {
          "schema_version": 0,
          "attributes": {
            "annotations": null,
            "binary_authorization": [],
            "build_config": [],
            "client": "",
            "client_version": "",
            "conditions": [
              {
                "execution_reason": "",
                "last_transition_time": "2026-01-16T21:31:09.495940Z",
                "message": "",
                "reason": "",
                "revision_reason": "",
                "severity": "",
                "state": "CONDITION_SUCCEEDED",
                "type": "RoutesReady"
              },
              {
                "execution_reason": "",
                "last_transition_time": "2026-01-16T21:31:06.111651Z",
                "message": "",
                "reason": "",
                "revision_reason": "",
                "severity": "",
                "state": "CONDITION_SUCCEEDED",
                "type": "ConfigurationsReady"
              }
            ],
            "create_time": "2026-01-16T21:31:04.523650Z",
            "creator": "founder@shadowtagai.com",
            "custom_audiences": null,
            "default_uri_disabled": false,
            "delete_time": "",
            "deletion_protection": false,
            "description": "",
            "effective_annotations": {},
            "effective_labels": {
              "goog-terraform-provisioned": "true"
            },
            "etag": "\"CJjcqssGENCH2fkB/cHJvamVjdHMvc2hhZG93dGFnYWktY3VycmVudC1wcm9qZWN0L2xvY2F0aW9ucy91cy1jZW50cmFsMS9zZXJ2aWNlcy9icmlkZ2Utc2VydmVy\"",
            "expire_time": "",
            "generation": "1",
            "id": "projects/shadowtagai-current-project/locations/us-central1/services/bridge-server",
            "ingress": "INGRESS_TRAFFIC_ALL",
            "invoker_iam_disabled": false,
            "labels": null,
            "last_modifier": "founder@shadowtagai.com",
            "latest_created_revision": "projects/shadowtagai-current-project/locations/us-central1/services/bridge-server/revisions/bridge-server-00001-m5j",
            "latest_ready_revision": "projects/shadowtagai-current-project/locations/us-central1/services/bridge-server/revisions/bridge-server-00001-m5j",
            "launch_stage": "GA",
            "location": "us-central1",
            "multi_region_settings": [],
            "name": "bridge-server",
            "observed_generation": "1",
            "project": "shadowtagai-current-project",
            "reconciling": false,
            "scaling": [
              {
                "manual_instance_count": 0,
                "max_instance_count": 20,
                "min_instance_count": 0,
                "scaling_mode": ""
              }
            ],
            "template": [
              {
                "annotations": null,
                "containers": [
                  {
                    "args": null,
                    "base_image_uri": "",
                    "build_info": [],
                    "command": null,
                    "depends_on": null,
                    "env": [
                      {
                        "name": "NODE_ENV",
                        "value": "production",
                        "value_source": []
                      }
                    ],
                    "image": "us-docker.pkg.dev/cloudrun/container/hello",
                    "liveness_probe": [],
                    "name": "",
                    "ports": [
                      {
                        "container_port": 8080,
                        "name": "http1"
                      }
                    ],
                    "resources": [
                      {
                        "cpu_idle": true,
                        "limits": {
                          "cpu": "1000m",
                          "memory": "512Mi"
                        },
                        "startup_cpu_boost": false
                      }
                    ],
                    "startup_probe": [
                      {
                        "failure_threshold": 1,
                        "grpc": [],
                        "http_get": [],
                        "initial_delay_seconds": 0,
                        "period_seconds": 240,
                        "tcp_socket": [
                          {
                            "port": 8080
                          }
                        ],
                        "timeout_seconds": 240
                      }
                    ],
                    "volume_mounts": [],
                    "working_dir": ""
                  }
                ],
                "encryption_key": "",
                "execution_environment": "",
                "gpu_zonal_redundancy_disabled": false,
                "health_check_disabled": false,
                "labels": null,
                "max_instance_request_concurrency": 80,
                "node_selector": [],
                "revision": "",
                "scaling": [],
                "service_account": "bridge-server-sa@shadowtagai-current-project.iam.gserviceaccount.com",
                "session_affinity": false,
                "timeout": "300s",
                "volumes": [],
                "vpc_access": []
              }
            ],
            "terminal_condition": [
              {
                "execution_reason": "",
                "last_transition_time": "2026-01-16T21:31:09.535588Z",
                "message": "",
                "reason": "",
                "revision_reason": "",
                "severity": "",
                "state": "CONDITION_SUCCEEDED",
                "type": "Ready"
              }
            ],
            "terraform_labels": {
              "goog-terraform-provisioned": "true"
            },
            "timeouts": null,
            "traffic": [
              {
                "percent": 100,
                "revision": "",
                "tag": "",
                "type": "TRAFFIC_TARGET_ALLOCATION_TYPE_LATEST"
              }
            ],
            "traffic_statuses": [
              {
                "percent": 100,
                "revision": "",
                "tag": "",
                "type": "TRAFFIC_TARGET_ALLOCATION_TYPE_LATEST",
                "uri": ""
              }
            ],
            "uid": "19a0f6c2-02d1-4752-9bea-ff5bf0737b73",
            "update_time": "2026-01-16T21:31:04.523650Z",
            "uri": "https://bridge-server-poaakxhkkq-uc.a.run.app",
            "urls": [
              "https://bridge-server-227823808819.us-central1.run.app",
              "https://bridge-server-poaakxhkkq-uc.a.run.app"
            ]
          },
          "sensitive_attributes": [],
          "private": "eyJlMmJmYjczMC1lY2FhLTExZTYtOGY4OC0zNDM2M2JjN2M0YzAiOnsiY3JlYXRlIjoxMjAwMDAwMDAwMDAwLCJkZWxldGUiOjEyMDAwMDAwMDAwMDAsInVwZGF0ZSI6MTIwMDAwMDAwMDAwMH19",
          "dependencies": [
            "google_project_service.apis",
            "google_service_account.bridge_sa"
          ]
        }
      ]
    },
    {
      "mode": "managed",
      "type": "google_compute_global_address",
      "name": "private_ip_alloc",
      "provider": "provider[\"registry.terraform.io/hashicorp/google\"]",
      "instances": [
        {
          "schema_version": 0,
          "attributes": {
            "address": "10.191.0.0",
            "address_type": "INTERNAL",
            "creation_timestamp": "2026-01-16T13:31:14.160-08:00",
            "description": "",
            "effective_labels": {
              "goog-terraform-provisioned": "true"
            },
            "id": "projects/shadowtagai-current-project/global/addresses/private-ip-alloc",
            "ip_version": "",
            "label_fingerprint": "vezUS-42LLM=",
            "labels": null,
            "name": "private-ip-alloc",
            "network": "https://www.googleapis.com/compute/v1/projects/shadowtagai-current-project/global/networks/agent-vpc",
            "prefix_length": 16,
            "project": "shadowtagai-current-project",
            "purpose": "VPC_PEERING",
            "self_link": "https://www.googleapis.com/compute/v1/projects/shadowtagai-current-project/global/addresses/private-ip-alloc",
            "terraform_labels": {
              "goog-terraform-provisioned": "true"
            },
            "timeouts": null
          },
          "sensitive_attributes": [],
          "private": "eyJlMmJmYjczMC1lY2FhLTExZTYtOGY4OC0zNDM2M2JjN2M0YzAiOnsiY3JlYXRlIjoxMjAwMDAwMDAwMDAwLCJkZWxldGUiOjEyMDAwMDAwMDAwMDAsInVwZGF0ZSI6MTIwMDAwMDAwMDAwMH19",
          "dependencies": [
            "google_compute_network.agent_vpc"
          ]
        }
      ]
    },
    {
      "mode": "managed",
      "type": "google_compute_network",
      "name": "agent_vpc",
      "provider": "provider[\"registry.terraform.io/hashicorp/google\"]",
      "instances": [
        {
          "schema_version": 0,
          "attributes": {
            "auto_create_subnetworks": false,
            "bgp_always_compare_med": false,
            "bgp_best_path_selection_mode": "LEGACY",
            "bgp_inter_region_cost": "",
            "delete_bgp_always_compare_med": false,
            "delete_default_routes_on_create": false,
            "description": "",
            "enable_ula_internal_ipv6": false,
            "gateway_ipv4": "",
            "id": "projects/shadowtagai-current-project/global/networks/agent-vpc",
            "internal_ipv6_range": "",
            "mtu": 0,
            "name": "agent-vpc",
            "network_firewall_policy_enforcement_order": "AFTER_CLASSIC_FIREWALL",
            "network_id": "412372998721835235",
            "network_profile": "",
            "numeric_id": "412372998721835235",
            "params": [],
            "project": "shadowtagai-current-project",
            "routing_mode": "REGIONAL",
            "self_link": "https://www.googleapis.com/compute/v1/projects/shadowtagai-current-project/global/networks/agent-vpc",
            "timeouts": null
          },
          "sensitive_attributes": [],
          "private": "eyJlMmJmYjczMC1lY2FhLTExZTYtOGY4OC0zNDM2M2JjN2M0YzAiOnsiY3JlYXRlIjoxMjAwMDAwMDAwMDAwLCJkZWxldGUiOjEyMDAwMDAwMDAwMDAsInVwZGF0ZSI6MTIwMDAwMDAwMDAwMH19"
        }
      ]
    },
    {
      "mode": "managed",
      "type": "google_compute_subnetwork",
      "name": "agent_subnet",
      "provider": "provider[\"registry.terraform.io/hashicorp/google\"]",
      "instances": [
        {
          "schema_version": 0,
          "attributes": {
            "creation_timestamp": "2026-01-16T13:31:14.627-08:00",
            "description": "",
            "external_ipv6_prefix": "",
            "fingerprint": null,
            "gateway_address": "10.0.0.1",
            "id": "projects/shadowtagai-current-project/regions/us-central1/subnetworks/agent-subnet",
            "internal_ipv6_prefix": "",
            "ip_cidr_range": "10.0.0.0/24",
            "ip_collection": null,
            "ipv6_access_type": "",
            "ipv6_cidr_range": "",
            "ipv6_gce_endpoint": "",
            "log_config": [],
            "name": "agent-subnet",
            "network": "https://www.googleapis.com/compute/v1/projects/shadowtagai-current-project/global/networks/agent-vpc",
            "params": [],
            "private_ip_google_access": true,
            "private_ipv6_google_access": "DISABLE_GOOGLE_ACCESS",
            "project": "shadowtagai-current-project",
            "purpose": "PRIVATE",
            "region": "us-central1",
            "reserved_internal_range": "",
            "role": "",
            "secondary_ip_range": [],
            "self_link": "https://www.googleapis.com/compute/v1/projects/shadowtagai-current-project/regions/us-central1/subnetworks/agent-subnet",
            "send_secondary_ip_range_if_empty": null,
            "stack_type": "IPV4_ONLY",
            "state": "",
            "subnetwork_id": 6821512124834451661,
            "timeouts": null
          },
          "sensitive_attributes": [],
          "private": "eyJlMmJmYjczMC1lY2FhLTExZTYtOGY4OC0zNDM2M2JjN2M0YzAiOnsiY3JlYXRlIjoxMjAwMDAwMDAwMDAwLCJkZWxldGUiOjEyMDAwMDAwMDAwMDAsInVwZGF0ZSI6MTIwMDAwMDAwMDAwMH19",
          "dependencies": [
            "google_compute_network.agent_vpc"
          ]
        }
      ]
    },
    {
      "mode": "managed",
      "type": "google_project_service",
      "name": "apis",
      "provider": "provider[\"registry.terraform.io/hashicorp/google\"]",
      "instances": [
        {
          "index_key": "artifactregistry.googleapis.com",
          "schema_version": 0,
          "attributes": {
            "disable_dependent_services": null,
            "disable_on_destroy": false,
            "id": "shadowtagai-current-project/artifactregistry.googleapis.com",
            "project": "shadowtagai-current-project",
            "service": "artifactregistry.googleapis.com",
            "timeouts": null
          },
          "sensitive_attributes": [],
          "private": "eyJlMmJmYjczMC1lY2FhLTExZTYtOGY4OC0zNDM2M2JjN2M0YzAiOnsiY3JlYXRlIjoxMjAwMDAwMDAwMDAwLCJkZWxldGUiOjEyMDAwMDAwMDAwMDAsInJlYWQiOjYwMDAwMDAwMDAwMCwidXBkYXRlIjoxMjAwMDAwMDAwMDAwfX0="
        },
        {
          "index_key": "compute.googleapis.com",
          "schema_version": 0,
          "attributes": {
            "disable_dependent_services": null,
            "disable_on_destroy": false,
            "id": "shadowtagai-current-project/compute.googleapis.com",
            "project": "shadowtagai-current-project",
            "service": "compute.googleapis.com",
            "timeouts": null
          },
          "sensitive_attributes": [],
          "private": "eyJlMmJmYjczMC1lY2FhLTExZTYtOGY4OC0zNDM2M2JjN2M0YzAiOnsiY3JlYXRlIjoxMjAwMDAwMDAwMDAwLCJkZWxldGUiOjEyMDAwMDAwMDAwMDAsInJlYWQiOjYwMDAwMDAwMDAwMCwidXBkYXRlIjoxMjAwMDAwMDAwMDAwfX0="
        },
        {
          "index_key": "run.googleapis.com",
          "schema_version": 0,
          "attributes": {
            "disable_dependent_services": null,
            "disable_on_destroy": false,
            "id": "shadowtagai-current-project/run.googleapis.com",
            "project": "shadowtagai-current-project",
            "service": "run.googleapis.com",
            "timeouts": null
          },
          "sensitive_attributes": [],
          "private": "eyJlMmJmYjczMC1lY2FhLTExZTYtOGY4OC0zNDM2M2JjN2M0YzAiOnsiY3JlYXRlIjoxMjAwMDAwMDAwMDAwLCJkZWxldGUiOjEyMDAwMDAwMDAwMDAsInJlYWQiOjYwMDAwMDAwMDAwMCwidXBkYXRlIjoxMjAwMDAwMDAwMDAwfX0="
        },
        {
          "index_key": "workstations.googleapis.com",
          "schema_version": 0,
          "attributes": {
            "disable_dependent_services": null,
            "disable_on_destroy": false,
            "id": "shadowtagai-current-project/workstations.googleapis.com",
            "project": "shadowtagai-current-project",
            "service": "workstations.googleapis.com",
            "timeouts": null
          },
          "sensitive_attributes": [],
          "private": "eyJlMmJmYjczMC1lY2FhLTExZTYtOGY4OC0zNDM2M2JjN2M0YzAiOnsiY3JlYXRlIjoxMjAwMDAwMDAwMDAwLCJkZWxldGUiOjEyMDAwMDAwMDAwMDAsInJlYWQiOjYwMDAwMDAwMDAwMCwidXBkYXRlIjoxMjAwMDAwMDAwMDAwfX0="
        }
      ]
    },
    {
      "mode": "managed",
      "type": "google_service_account",
      "name": "bridge_sa",
      "provider": "provider[\"registry.terraform.io/hashicorp/google\"]",
      "instances": [
        {
          "schema_version": 0,
          "attributes": {
            "account_id": "bridge-server-sa",
            "create_ignore_already_exists": null,
            "description": "",
            "disabled": false,
            "display_name": "Bridge Server Service Account",
            "email": "bridge-server-sa@shadowtagai-current-project.iam.gserviceaccount.com",
            "id": "projects/shadowtagai-current-project/serviceAccounts/bridge-server-sa@shadowtagai-current-project.iam.gserviceaccount.com",
            "member": "serviceAccount:bridge-server-sa@shadowtagai-current-project.iam.gserviceaccount.com",
            "name": "projects/shadowtagai-current-project/serviceAccounts/bridge-server-sa@shadowtagai-current-project.iam.gserviceaccount.com",
            "project": "shadowtagai-current-project",
            "timeouts": null,
            "unique_id": "107792478448154239972"
          },
          "sensitive_attributes": [],
          "private": "eyJlMmJmYjczMC1lY2FhLTExZTYtOGY4OC0zNDM2M2JjN2M0YzAiOnsiY3JlYXRlIjozMDAwMDAwMDAwMDB9fQ=="
        }
      ]
    },
    {
      "mode": "managed",
      "type": "google_service_account",
      "name": "workstation_sa",
      "provider": "provider[\"registry.terraform.io/hashicorp/google\"]",
      "instances": [
        {
          "schema_version": 0,
          "attributes": {
            "account_id": "browser-workstation-sa",
            "create_ignore_already_exists": null,
            "description": "",
            "disabled": false,
            "display_name": "Browser Workstation Service Account",
            "email": "browser-workstation-sa@shadowtagai-current-project.iam.gserviceaccount.com",
            "id": "projects/shadowtagai-current-project/serviceAccounts/browser-workstation-sa@shadowtagai-current-project.iam.gserviceaccount.com",
            "member": "serviceAccount:browser-workstation-sa@shadowtagai-current-project.iam.gserviceaccount.com",
            "name": "projects/shadowtagai-current-project/serviceAccounts/browser-workstation-sa@shadowtagai-current-project.iam.gserviceaccount.com",
            "project": "shadowtagai-current-project",
            "timeouts": null,
            "unique_id": "102280109498460293651"
          },
          "sensitive_attributes": [],
          "private": "eyJlMmJmYjczMC1lY2FhLTExZTYtOGY4OC0zNDM2M2JjN2M0YzAiOnsiY3JlYXRlIjozMDAwMDAwMDAwMDB9fQ=="
        }
      ]
    },
    {
      "mode": "managed",
      "type": "google_service_networking_connection",
      "name": "private_service_access",
      "provider": "provider[\"registry.terraform.io/hashicorp/google\"]",
      "instances": [
        {
          "schema_version": 0,
          "attributes": {
            "deletion_policy": null,
            "id": "projects%2Fshadowtagai-current-project%2Fglobal%2Fnetworks%2Fagent-vpc:servicenetworking.googleapis.com",
            "network": "projects/shadowtagai-current-project/global/networks/agent-vpc",
            "peering": "servicenetworking-googleapis-com",
            "reserved_peering_ranges": [
              "private-ip-alloc"
            ],
            "service": "servicenetworking.googleapis.com",
            "timeouts": null,
            "update_on_creation_fail": null
          },
          "sensitive_attributes": [],
          "private": "eyJlMmJmYjczMC1lY2FhLTExZTYtOGY4OC0zNDM2M2JjN2M0YzAiOnsiY3JlYXRlIjo2MDAwMDAwMDAwMDAsImRlbGV0ZSI6NjAwMDAwMDAwMDAwLCJ1cGRhdGUiOjYwMDAwMDAwMDAwMH19",
          "dependencies": [
            "google_compute_global_address.private_ip_alloc",
            "google_compute_network.agent_vpc"
          ]
        }
      ]
    },
    {
      "mode": "managed",
      "type": "google_workstations_workstation",
      "name": "default",
      "provider": "provider[\"registry.terraform.io/hashicorp/google-beta\"]",
      "instances": [
        {
          "schema_version": 0,
          "attributes": {
            "annotations": null,
            "create_time": "2026-01-16T21:47:58.847503307Z",
            "display_name": "",
            "effective_annotations": {},
            "effective_labels": {
              "goog-terraform-provisioned": "true"
            },
            "env": null,
            "host": "brave-agent-workstation.cluster-ynpfmqcszbgiovhdlnolmw2ako.cloudworkstations.dev",
            "id": "projects/shadowtagai-current-project/locations/us-central1/workstationClusters/agent-cluster/workstationConfigs/agent-config/workstations/brave-agent-workstation",
            "labels": null,
            "location": "us-central1",
            "name": "projects/shadowtagai-current-project/locations/us-central1/workstationClusters/agent-cluster/workstationConfigs/agent-config/workstations/brave-agent-workstation",
            "project": "shadowtagai-current-project",
            "source_workstation": "",
            "state": "STATE_STOPPED",
            "terraform_labels": {
              "goog-terraform-provisioned": "true"
            },
            "timeouts": null,
            "uid": "d374fdff-2c38-402c-8f49-6d0aacc632ff",
            "workstation_cluster_id": "agent-cluster",
            "workstation_config_id": "agent-config",
            "workstation_id": "brave-agent-workstation"
          },
          "sensitive_attributes": [],
          "private": "eyJlMmJmYjczMC1lY2FhLTExZTYtOGY4OC0zNDM2M2JjN2M0YzAiOnsiY3JlYXRlIjoxODAwMDAwMDAwMDAwLCJkZWxldGUiOjE4MDAwMDAwMDAwMDAsInVwZGF0ZSI6MTgwMDAwMDAwMDAwMH19",
          "dependencies": [
            "google_compute_network.agent_vpc",
            "google_compute_subnetwork.agent_subnet",
            "google_project_service.apis",
            "google_service_account.workstation_sa",
            "google_workstations_workstation_cluster.default",
            "google_workstations_workstation_config.default"
          ]
        }
      ]
    },
    {
      "mode": "managed",
      "type": "google_workstations_workstation_cluster",
      "name": "default",
      "provider": "provider[\"registry.terraform.io/hashicorp/google-beta\"]",
      "instances": [
        {
          "schema_version": 0,
          "attributes": {
            "annotations": null,
            "conditions": [],
            "control_plane_ip": "10.0.0.2",
            "create_time": "2026-01-16T21:31:36.664018103Z",
            "degraded": false,
            "display_name": "",
            "domain_config": [],
            "effective_annotations": {},
            "effective_labels": {
              "goog-terraform-provisioned": "true"
            },
            "etag": "nxJSSdmVu3-OAUwo0NORScRTw7EEmwtv8zehn2ip4B8",
            "id": "projects/shadowtagai-current-project/locations/us-central1/workstationClusters/agent-cluster",
            "labels": null,
            "location": "us-central1",
            "name": "projects/shadowtagai-current-project/locations/us-central1/workstationClusters/agent-cluster",
            "network": "projects/shadowtagai-current-project/global/networks/agent-vpc",
            "private_cluster_config": [],
            "project": "shadowtagai-current-project",
            "subnetwork": "projects/shadowtagai-current-project/regions/us-central1/subnetworks/agent-subnet",
            "tags": null,
            "terraform_labels": {
              "goog-terraform-provisioned": "true"
            },
            "timeouts": null,
            "uid": "02a6caf2-e18a-4cc3-af4e-e04558c298db",
            "workstation_cluster_id": "agent-cluster"
          },
          "sensitive_attributes": [],
          "private": "eyJlMmJmYjczMC1lY2FhLTExZTYtOGY4OC0zNDM2M2JjN2M0YzAiOnsiY3JlYXRlIjo3MjAwMDAwMDAwMDAwLCJkZWxldGUiOjcyMDAwMDAwMDAwMDAsInVwZGF0ZSI6NzIwMDAwMDAwMDAwMH19",
          "dependencies": [
            "google_compute_network.agent_vpc",
            "google_compute_subnetwork.agent_subnet",
            "google_project_service.apis"
          ]
        }
      ]
    },
    {
      "mode": "managed",
      "type": "google_workstations_workstation_config",
      "name": "default",
      "provider": "provider[\"registry.terraform.io/hashicorp/google-beta\"]",
      "instances": [
        {
          "schema_version": 0,
          "attributes": {
            "allowed_ports": [
              {
                "first": 22,
                "last": 22
              },
              {
                "first": 80,
                "last": 80
              },
              {
                "first": 1024,
                "last": 65535
              }
            ],
            "annotations": null,
            "conditions": [],
            "container": [
              {
                "args": [],
                "command": [],
                "env": {},
                "image": "us-central1-docker.pkg.dev/cloud-workstations-images/predefined/code-oss:latest",
                "run_as_user": 0,
                "working_dir": ""
              }
            ],
            "create_time": "2026-01-16T21:46:57.571920275Z",
            "degraded": false,
            "disable_tcp_connections": false,
            "display_name": "",
            "effective_annotations": {},
            "effective_labels": {
              "goog-terraform-provisioned": "true"
            },
            "enable_audit_agent": null,
            "encryption_key": [],
            "ephemeral_directories": [],
            "etag": "kBi5oQtEeioXfqlK_wajcfftHDvrA8bjY9389wVk9mU",
            "host": [
              {
                "gce_instance": [
                  {
                    "accelerators": [],
                    "boost_configs": [],
                    "boot_disk_size_gb": 50,
                    "confidential_instance_config": [
                      {
                        "enable_confidential_compute": false
                      }
                    ],
                    "disable_public_ip_addresses": false,
                    "disable_ssh": true,
                    "enable_nested_virtualization": false,
                    "machine_type": "e2-standard-4",
                    "pool_size": 0,
                    "service_account": "browser-workstation-sa@shadowtagai-current-project.iam.gserviceaccount.com",
                    "service_account_scopes": [],
                    "shielded_instance_config": [
                      {
                        "enable_integrity_monitoring": false,
                        "enable_secure_boot": false,
                        "enable_vtpm": false
                      }
                    ],
                    "tags": null,
                    "vm_tags": null
                  }
                ]
              }
            ],
            "id": "projects/shadowtagai-current-project/locations/us-central1/workstationClusters/agent-cluster/workstationConfigs/agent-config",
            "idle_timeout": "1200s",
            "labels": null,
            "location": "us-central1",
            "max_usable_workstations": 0,
            "name": "projects/shadowtagai-current-project/locations/us-central1/workstationClusters/agent-cluster/workstationConfigs/agent-config",
            "persistent_directories": [
              {
                "gce_pd": [
                  {
                    "disk_type": "pd-standard",
                    "fs_type": "ext4",
                    "reclaim_policy": "RETAIN",
                    "size_gb": 200,
                    "source_snapshot": ""
                  }
                ],
                "mount_path": "/home"
              }
            ],
            "project": "shadowtagai-current-project",
            "readiness_checks": [],
            "replica_zones": [
              "us-central1-a",
              "us-central1-c"
            ],
            "running_timeout": "43200s",
            "terraform_labels": {
              "goog-terraform-provisioned": "true"
            },
            "timeouts": null,
            "uid": "df1c09ea-9bec-4603-b448-018db4aa03c1",
            "workstation_cluster_id": "agent-cluster",
            "workstation_config_id": "agent-config"
          },
          "sensitive_attributes": [],
          "private": "eyJlMmJmYjczMC1lY2FhLTExZTYtOGY4OC0zNDM2M2JjN2M0YzAiOnsiY3JlYXRlIjoxODAwMDAwMDAwMDAwLCJkZWxldGUiOjE4MDAwMDAwMDAwMDAsInVwZGF0ZSI6MTgwMDAwMDAwMDAwMH19",
          "dependencies": [
            "google_compute_network.agent_vpc",
            "google_compute_subnetwork.agent_subnet",
            "google_project_service.apis",
            "google_service_account.workstation_sa",
            "google_workstations_workstation_cluster.default"
          ]
        }
      ]
    }
  ],
  "check_results": null
}
